
Microsoft Visual Studio Solution File, Format Version 12.00
Project("{FAE04EC0-301F-11D3-BF4B-00C04F79EFBC}") = "OkoServer", "OkoServer.csproj", "{A76389C8-1915-4A0D-B9F5-700D5DF38EFE}"
EndProject
Project("{FAE04EC0-301F-11D3-BF4B-00C04F79EFBC}") = "OkoCommon", "..\common\OkoCommon.csproj", "{1FABDDBC-905D-48CB-82EA-0C877ED92B69}"
EndProject
Global
	GlobalSection(SolutionConfigurationPlatforms) = preSolution
		Debug|Any CPU = Debug|Any CPU
		Release|Any CPU = Release|Any CPU
	EndGlobalSection
	GlobalSection(ProjectConfigurationPlatforms) = postSolution
		{A76389C8-1915-4A0D-B9F5-700D5DF38EFE}.Debug|Any CPU.ActiveCfg = Debug|Any CPU
		{A76389C8-1915-4A0D-B9F5-700D5DF38EFE}.Debug|Any CPU.Build.0 = Debug|Any CPU
		{A76389C8-1915-4A0D-B9F5-700D5DF38EFE}.Release|Any CPU.ActiveCfg = Release|Any CPU
		{A76389C8-1915-4A0D-B9F5-700D5DF38EFE}.Release|Any CPU.Build.0 = Release|Any CPU
		{1FABDDBC-905D-48CB-82EA-0C877ED92B69}.Debug|Any CPU.ActiveCfg = Debug|Any CPU
		{1FABDDBC-905D-48CB-82EA-0C877ED92B69}.Debug|Any CPU.Build.0 = Debug|Any CPU
		{1FABDDBC-905D-48CB-82EA-0C877ED92B69}.Release|Any CPU.ActiveCfg = Release|Any CPU
		{1FABDDBC-905D-48CB-82EA-0C877ED92B69}.Release|Any CPU.Build.0 = Release|Any CPU
	EndGlobalSection
EndGlobal
