
Microsoft Visual Studio Solution File, Format Version 12.00
Project("{FAE04EC0-301F-11D3-BF4B-00C04F79EFBC}") = "OkoClient", "OkoClient.csproj", "{F5EC7D09-1080-45BD-8250-FB9908751266}"
EndProject
Project("{FAE04EC0-301F-11D3-BF4B-00C04F79EFBC}") = "OkoCommon", "..\common\OkoCommon.csproj", "{A4105B74-E617-4C15-9AB0-2A47B5ABB3F0}"
EndProject
Global
	GlobalSection(SolutionConfigurationPlatforms) = preSolution
		Debug|Any CPU = Debug|Any CPU
		Release|Any CPU = Release|Any CPU
	EndGlobalSection
	GlobalSection(ProjectConfigurationPlatforms) = postSolution
		{F5EC7D09-1080-45BD-8250-FB9908751266}.Debug|Any CPU.ActiveCfg = Debug|Any CPU
		{F5EC7D09-1080-45BD-8250-FB9908751266}.Debug|Any CPU.Build.0 = Debug|Any CPU
		{F5EC7D09-1080-45BD-8250-FB9908751266}.Release|Any CPU.ActiveCfg = Release|Any CPU
		{F5EC7D09-1080-45BD-8250-FB9908751266}.Release|Any CPU.Build.0 = Release|Any CPU
		{A4105B74-E617-4C15-9AB0-2A47B5ABB3F0}.Debug|Any CPU.ActiveCfg = Debug|Any CPU
		{A4105B74-E617-4C15-9AB0-2A47B5ABB3F0}.Debug|Any CPU.Build.0 = Debug|Any CPU
		{A4105B74-E617-4C15-9AB0-2A47B5ABB3F0}.Release|Any CPU.ActiveCfg = Release|Any CPU
		{A4105B74-E617-4C15-9AB0-2A47B5ABB3F0}.Release|Any CPU.Build.0 = Release|Any CPU
	EndGlobalSection
EndGlobal
